{
  "originHash" : "efa1f73de9519713adc46f462a98116d08b83f6501282d8a31411532e5c93477",
  "pins" : [
    {
      "identity" : "debugswift",
      "kind" : "remoteSourceControl",
      "location" : "https://github.com/DebugSwift/DebugSwift",
      "state" : {
        "revision" : "3eb006f99a82e07af0db7eb7c77eb54b583e9a87",
        "version" : "1.7.17"
      }
    },
    {
      "identity" : "networklayer",
      "kind" : "remoteSourceControl",
      "location" : "https://github.com/iNoor72/NetworkLayer",
      "state" : {
        "revision" : "79e8af217ba7a9dd79260442d6800eeba0b86cd1",
        "version" : "1.0.3"
      }
    }
  ],
  "version" : 3
}
