{
  "originHash" : "8ac902559048710426ed88eb7e7359cd88536421534c93b5ab0f330a48c1a1cd",
  "pins" : [
    {
      "identity" : "debugswift",
      "kind" : "remoteSourceControl",
      "location" : "https://github.com/DebugSwift/DebugSwift",
      "state" : {
        "revision" : "3eb006f99a82e07af0db7eb7c77eb54b583e9a87",
        "version" : "1.7.17"
      }
    },
    {
      "identity" : "networklayer",
      "kind" : "remoteSourceControl",
      "location" : "https://github.com/iNoor72/NetworkLayer",
      "state" : {
        "revision" : "79e8af217ba7a9dd79260442d6800eeba0b86cd1",
        "version" : "1.0.3"
      }
    }
  ],
  "version" : 3
}
